
Microsoft Visual Studio Solution File, Format Version 12.00
# Visual Studio 14
VisualStudioVersion = 14.0.24720.0
MinimumVisualStudioVersion = 10.0.40219.1
Project("{FAE04EC0-301F-11D3-BF4B-00C04F79EFBC}") = "Application", "Application\Application.csproj", "{AA589330-87D1-4D2C-92FC-C9854D125596}"
EndProject
Project("{FAE04EC0-301F-11D3-BF4B-00C04F79EFBC}") = "Delivery", "Delivery\Delivery.csproj", "{DCA08E75-DD0C-4C7E-892F-9E5A5ACE4E5F}"
EndProject
Global
	GlobalSection(SolutionConfigurationPlatforms) = preSolution
		Debug|Any CPU = Debug|Any CPU
		Release|Any CPU = Release|Any CPU
	EndGlobalSection
	GlobalSection(ProjectConfigurationPlatforms) = postSolution
		{AA589330-87D1-4D2C-92FC-C9854D125596}.Debug|Any CPU.ActiveCfg = Debug|Any CPU
		{AA589330-87D1-4D2C-92FC-C9854D125596}.Debug|Any CPU.Build.0 = Debug|Any CPU
		{AA589330-87D1-4D2C-92FC-C9854D125596}.Release|Any CPU.ActiveCfg = Release|Any CPU
		{AA589330-87D1-4D2C-92FC-C9854D125596}.Release|Any CPU.Build.0 = Release|Any CPU
		{DCA08E75-DD0C-4C7E-892F-9E5A5ACE4E5F}.Debug|Any CPU.ActiveCfg = Debug|Any CPU
		{DCA08E75-DD0C-4C7E-892F-9E5A5ACE4E5F}.Debug|Any CPU.Build.0 = Debug|Any CPU
		{DCA08E75-DD0C-4C7E-892F-9E5A5ACE4E5F}.Release|Any CPU.ActiveCfg = Release|Any CPU
		{DCA08E75-DD0C-4C7E-892F-9E5A5ACE4E5F}.Release|Any CPU.Build.0 = Release|Any CPU
	EndGlobalSection
	GlobalSection(SolutionProperties) = preSolution
		HideSolutionNode = FALSE
	EndGlobalSection
EndGlobal
