
Microsoft Visual Studio Solution File, Format Version 12.00
# Visual Studio 14
VisualStudioVersion = 14.0.24720.0
MinimumVisualStudioVersion = 10.0.40219.1
Project("{FAE04EC0-301F-11D3-BF4B-00C04F79EFBC}") = "TapeEquilibrium", "TapeEquilibrium\TapeEquilibrium.csproj", "{0778F14E-BAFD-4077-82D8-6B8D813D2EBF}"
EndProject
Project("{FAE04EC0-301F-11D3-BF4B-00C04F79EFBC}") = "TapeEquilibrium.Tests", "TapeEquilibrium.Tests\TapeEquilibrium.Tests.csproj", "{77B5F9FD-5006-4A5F-8B67-84DCFF1D1061}"
EndProject
Global
	GlobalSection(SolutionConfigurationPlatforms) = preSolution
		Debug|Any CPU = Debug|Any CPU
		Release|Any CPU = Release|Any CPU
	EndGlobalSection
	GlobalSection(ProjectConfigurationPlatforms) = postSolution
		{0778F14E-BAFD-4077-82D8-6B8D813D2EBF}.Debug|Any CPU.ActiveCfg = Debug|Any CPU
		{0778F14E-BAFD-4077-82D8-6B8D813D2EBF}.Debug|Any CPU.Build.0 = Debug|Any CPU
		{0778F14E-BAFD-4077-82D8-6B8D813D2EBF}.Release|Any CPU.ActiveCfg = Release|Any CPU
		{0778F14E-BAFD-4077-82D8-6B8D813D2EBF}.Release|Any CPU.Build.0 = Release|Any CPU
		{77B5F9FD-5006-4A5F-8B67-84DCFF1D1061}.Debug|Any CPU.ActiveCfg = Debug|Any CPU
		{77B5F9FD-5006-4A5F-8B67-84DCFF1D1061}.Debug|Any CPU.Build.0 = Debug|Any CPU
		{77B5F9FD-5006-4A5F-8B67-84DCFF1D1061}.Release|Any CPU.ActiveCfg = Release|Any CPU
		{77B5F9FD-5006-4A5F-8B67-84DCFF1D1061}.Release|Any CPU.Build.0 = Release|Any CPU
	EndGlobalSection
	GlobalSection(SolutionProperties) = preSolution
		HideSolutionNode = FALSE
	EndGlobalSection
EndGlobal
