
Microsoft Visual Studio Solution File, Format Version 12.00
# Visual Studio 14
VisualStudioVersion = 14.0.24720.0
MinimumVisualStudioVersion = 10.0.40219.1
Project("{FAE04EC0-301F-11D3-BF4B-00C04F79EFBC}") = "Codility.CountSemiPrimes", "Codility.CountSemiPrimes.csproj", "{0BF69478-FD8A-4001-9601-717684E07AC8}"
EndProject
Project("{FAE04EC0-301F-11D3-BF4B-00C04F79EFBC}") = "CountSemiPrimes.Tests", "..\CountSemiPrimes.Tests\CountSemiPrimes.Tests.csproj", "{50F8661E-A6C9-42B0-BDF4-314120F7F14B}"
EndProject
Global
	GlobalSection(SolutionConfigurationPlatforms) = preSolution
		Debug|Any CPU = Debug|Any CPU
		Release|Any CPU = Release|Any CPU
	EndGlobalSection
	GlobalSection(ProjectConfigurationPlatforms) = postSolution
		{0BF69478-FD8A-4001-9601-717684E07AC8}.Debug|Any CPU.ActiveCfg = Debug|Any CPU
		{0BF69478-FD8A-4001-9601-717684E07AC8}.Debug|Any CPU.Build.0 = Debug|Any CPU
		{0BF69478-FD8A-4001-9601-717684E07AC8}.Release|Any CPU.ActiveCfg = Release|Any CPU
		{0BF69478-FD8A-4001-9601-717684E07AC8}.Release|Any CPU.Build.0 = Release|Any CPU
		{50F8661E-A6C9-42B0-BDF4-314120F7F14B}.Debug|Any CPU.ActiveCfg = Debug|Any CPU
		{50F8661E-A6C9-42B0-BDF4-314120F7F14B}.Debug|Any CPU.Build.0 = Debug|Any CPU
		{50F8661E-A6C9-42B0-BDF4-314120F7F14B}.Release|Any CPU.ActiveCfg = Release|Any CPU
		{50F8661E-A6C9-42B0-BDF4-314120F7F14B}.Release|Any CPU.Build.0 = Release|Any CPU
	EndGlobalSection
	GlobalSection(SolutionProperties) = preSolution
		HideSolutionNode = FALSE
	EndGlobalSection
EndGlobal
